{
    "_meta": {
        "hash": {
            "sha256": "c86f96fea71395d2d8945b900cd2a03e1c53db301995d54d641e5118baa75466"
        },
        "pipfile-spec": 6,
        "requires": {
            "python_version": "3.6"
        },
        "sources": [
            {
                "name": "pypi",
                "url": "https://pypi.org/simple",
                "verify_ssl": true
            }
        ]
    },
    "default": {
        "asgiref": {
            "hashes": [
                "sha256:7e06d934a7718bf3975acbf87780ba678957b87c7adc056f13b6215d610695a0",
                "sha256:ea448f92fc35a0ef4b1508f53a04c4670255a3f33d22a81c8fc9c872036adbe5"
            ],
            "index": "pypi",
            "version": "==3.2.3"
        },
        "attrs": {
            "hashes": [
                "sha256:08a96c641c3a74e44eb59afb61a24f2cb9f4d7188748e76ba4bb5edfa3cb7d1c",
                "sha256:f7b7ce16570fe9965acd6d30101a28f62fb4a7f9e926b3bbc9b61f8b04247e72"
            ],
            "index": "pypi",
            "version": "==19.3.0"
        },
        "backcall": {
            "hashes": [
                "sha256:38ecd85be2c1e78f77fd91700c76e14667dc21e2713b63876c0eb901196e01e4",
                "sha256:bbbf4b1e5cd2bdb08f915895b51081c041bac22394fdfcfdfbe9f14b77c08bf2"
            ],
            "index": "pypi",
            "version": "==0.1.0"
        },
        "coverage": {
            "hashes": [
                "sha256:15cf13a6896048d6d947bf7d222f36e4809ab926894beb748fc9caa14605d9c3",
                "sha256:1daa3eceed220f9fdb80d5ff950dd95112cd27f70d004c7918ca6dfc6c47054c",
                "sha256:1e44a022500d944d42f94df76727ba3fc0a5c0b672c358b61067abb88caee7a0",
                "sha256:25dbf1110d70bab68a74b4b9d74f30e99b177cde3388e07cc7272f2168bd1477",
                "sha256:3230d1003eec018ad4a472d254991e34241e0bbd513e97a29727c7c2f637bd2a",
                "sha256:3dbb72eaeea5763676a1a1efd9b427a048c97c39ed92e13336e726117d0b72bf",
                "sha256:5012d3b8d5a500834783689a5d2292fe06ec75dc86ee1ccdad04b6f5bf231691",
                "sha256:51bc7710b13a2ae0c726f69756cf7ffd4362f4ac36546e243136187cfcc8aa73",
                "sha256:527b4f316e6bf7755082a783726da20671a0cc388b786a64417780b90565b987",
                "sha256:722e4557c8039aad9592c6a4213db75da08c2cd9945320220634f637251c3894",
                "sha256:76e2057e8ffba5472fd28a3a010431fd9e928885ff480cb278877c6e9943cc2e",
                "sha256:77afca04240c40450c331fa796b3eab6f1e15c5ecf8bf2b8bee9706cd5452fef",
                "sha256:7afad9835e7a651d3551eab18cbc0fdb888f0a6136169fbef0662d9cdc9987cf",
                "sha256:9bea19ac2f08672636350f203db89382121c9c2ade85d945953ef3c8cf9d2a68",
                "sha256:a8b8ac7876bc3598e43e2603f772d2353d9931709345ad6c1149009fd1bc81b8",
                "sha256:b0840b45187699affd4c6588286d429cd79a99d509fe3de0f209594669bb0954",
                "sha256:b26aaf69713e5674efbde4d728fb7124e429c9466aeaf5f4a7e9e699b12c9fe2",
                "sha256:b63dd43f455ba878e5e9f80ba4f748c0a2156dde6e0e6e690310e24d6e8caf40",
                "sha256:be18f4ae5a9e46edae3f329de2191747966a34a3d93046dbdf897319923923bc",
                "sha256:c312e57847db2526bc92b9bfa78266bfbaabac3fdcd751df4d062cd4c23e46dc",
                "sha256:c60097190fe9dc2b329a0eb03393e2e0829156a589bd732e70794c0dd804258e",
                "sha256:c62a2143e1313944bf4a5ab34fd3b4be15367a02e9478b0ce800cb510e3bbb9d",
                "sha256:cc1109f54a14d940b8512ee9f1c3975c181bbb200306c6d8b87d93376538782f",
                "sha256:cd60f507c125ac0ad83f05803063bed27e50fa903b9c2cfee3f8a6867ca600fc",
                "sha256:d513cc3db248e566e07a0da99c230aca3556d9b09ed02f420664e2da97eac301",
                "sha256:d649dc0bcace6fcdb446ae02b98798a856593b19b637c1b9af8edadf2b150bea",
                "sha256:d7008a6796095a79544f4da1ee49418901961c97ca9e9d44904205ff7d6aa8cb",
                "sha256:da93027835164b8223e8e5af2cf902a4c80ed93cb0909417234f4a9df3bcd9af",
                "sha256:e69215621707119c6baf99bda014a45b999d37602cb7043d943c76a59b05bf52",
                "sha256:ea9525e0fef2de9208250d6c5aeeee0138921057cd67fcef90fbed49c4d62d37",
                "sha256:fca1669d464f0c9831fd10be2eef6b86f5ebd76c724d1e0706ebdff86bb4adf0"
            ],
            "index": "pypi",
            "version": "==5.0.3"
        },
        "daiquiri": {
            "hashes": [
                "sha256:6b235ed15b73b87fd3cc2521aacbb727bf8443a0896dc534b07503841d03cfdb",
                "sha256:d57b9fd5432933c6e899054eb62cee22eab89f560c8493254d327ec27893c866"
            ],
            "index": "pypi",
            "version": "==2.0.0"
        },
        "decorator": {
            "hashes": [
                "sha256:54c38050039232e1db4ad7375cfce6748d7b41c29e95a081c8a6d2c30364a2ce",
                "sha256:5d19b92a3c8f7f101c8dd86afd86b0f061a8ce4540ab8cd401fa2542756bce6d"
            ],
            "index": "pypi",
            "version": "==4.4.1"
        },
        "django": {
            "hashes": [
                "sha256:2f1ba1db8648484dd5c238fb62504777b7ad090c81c5f1fd8d5eb5ec21b5f283",
                "sha256:c91c91a7ad6ef67a874a4f76f58ba534f9208412692a840e1d125eb5c279cb0a"
            ],
            "index": "pypi",
            "version": "==3.0.3"
        },
        "foundationdb": {
            "hashes": [
                "sha256:667833d508fca65ed990b272cbc5695cc2f56f77d5fb9847c6eead687655e33d"
            ],
            "index": "pypi",
            "version": "==6.2.10"
        },
        "immutables": {
            "hashes": [
                "sha256:0aa055c745510238cbad2f1f709a37a1c9e30a38594de3b385e9876c48a25633",
                "sha256:0f07c58122e1ce70a7165e68e18e795ac5fe94d7fee3e045ffcf6432602026df",
                "sha256:1c2e729aab250be0de0c13fa833241a778b51390ee2650e0457d1e45b318c441",
                "sha256:2c536ff2bafeeff9a7865ea10a17a50f90b80b585e31396c349e8f57b0075bd4",
                "sha256:2de2ec8dde1ca154f811776a8cbbeaea515c3b226c26036eab6484530eea28e0",
                "sha256:422c7d4c75c88057c625e32992248329507bca180b48cfb702b4ef608f581b50",
                "sha256:518f20945c1f600b618fb691922c2ab43b193f04dd2d4d2823220d0202014670",
                "sha256:545186faab9237c102b8bcffd36d71f0b382174c93c501e061de239753cff694",
                "sha256:6b6d8d035e5888baad3db61dfb167476838a63afccecd927c365f228bb55754c",
                "sha256:b268422a5802fbf934152b835329ac0d23b80b558eaee68034d45718edab4a11",
                "sha256:b8fed714f1c84a3242c7184838f5e9889139a22bbdd701a182b7fdc237ca3cbb",
                "sha256:bce27277a2fe91509cca69181971ab509c2ee862e8b37b09f26b64f90e8fe8fb",
                "sha256:c7eb2d15c35c73bb168c002c6ea145b65f40131e10dede54b39db0b72849b280",
                "sha256:d6850578a0dc6530ac19113cfe4ddc13903df635212d498f176fe601a8a5a4a3",
                "sha256:e87bd941cb4dfa35f16e1ff4b2d99a2931452dcc9cfd788dc8fe513f3d38551e",
                "sha256:f5b93248552c9e7198558776da21c9157d3f70649905d7fdc083c2ab2fbc6088"
            ],
            "index": "pypi",
            "version": "==0.11"
        },
        "importlib-metadata": {
            "hashes": [
                "sha256:06f5b3a99029c7134207dd882428a66992a9de2bef7c2b699b5641f9886c3302",
                "sha256:b97607a1a18a5100839aec1dc26a1ea17ee0d93b20b0f008d80a5a050afb200b"
            ],
            "index": "pypi",
            "version": "==1.5.0"
        },
        "ipython": {
            "hashes": [
                "sha256:d9459e7237e2e5858738ff9c3e26504b79899b58a6d49e574d352493d80684c6",
                "sha256:f6689108b1734501d3b59c84427259fd5ac5141afe2e846cfa8598eb811886c9"
            ],
            "index": "pypi",
            "version": "==7.12.0"
        },
        "ipython-genutils": {
            "hashes": [
                "sha256:72dd37233799e619666c9f639a9da83c34013a73e8bbc79a7a6348d93c61fab8",
                "sha256:eb2e116e75ecef9d4d228fdc66af54269afa26ab4463042e33785b887c628ba8"
            ],
            "index": "pypi",
            "version": "==0.2.0"
        },
        "jedi": {
            "hashes": [
                "sha256:b4f4052551025c6b0b0b193b29a6ff7bdb74c52450631206c262aef9f7159ad2",
                "sha256:d5c871cb9360b414f981e7072c52c33258d598305280fef91c6cae34739d65d5"
            ],
            "index": "pypi",
            "version": "==0.16.0"
        },
        "more-itertools": {
            "hashes": [
                "sha256:5dd8bcf33e5f9513ffa06d5ad33d78f31e1931ac9a18f33d37e77a180d393a7c",
                "sha256:b1ddb932186d8a6ac451e1d95844b382f55e12686d51ca0c68b6f61f2ab7a507"
            ],
            "index": "pypi",
            "version": "==8.2.0"
        },
        "packaging": {
            "hashes": [
                "sha256:4357f74f47b9c12db93624a82154e9b120fa8293699949152b22065d556079f8",
                "sha256:998416ba6962ae7fbd6596850b80e17859a5753ba17c32284f67bfff33784181"
            ],
            "version": "==20.4"
        },
        "parso": {
            "hashes": [
                "sha256:56b2105a80e9c4df49de85e125feb6be69f49920e121406f15e7acde6c9dfc57",
                "sha256:951af01f61e6dccd04159042a0706a31ad437864ec6e25d0d7a96a9fbb9b0095"
            ],
            "index": "pypi",
            "version": "==0.6.1"
        },
        "pexpect": {
            "hashes": [
                "sha256:0b48a55dcb3c05f3329815901ea4fc1537514d6ba867a152b581d69ae3710937",
                "sha256:fc65a43959d153d0114afe13997d439c22823a27cefceb5ff35c2178c6784c0c"
            ],
            "index": "pypi",
            "version": "==4.8.0"
        },
        "pickleshare": {
            "hashes": [
                "sha256:87683d47965c1da65cdacaf31c8441d12b8044cdec9aca500cd78fc2c683afca",
                "sha256:9649af414d74d4df115d5d718f82acb59c9d418196b7b4290ed47a12ce62df56"
            ],
            "index": "pypi",
            "version": "==0.7.5"
        },
        "pluggy": {
            "hashes": [
                "sha256:15b2acde666561e1298d71b523007ed7364de07029219b604cf808bfa1c765b0",
                "sha256:966c145cd83c96502c3c3868f50408687b38434af77734af1e9ca461a4081d2d"
            ],
            "index": "pypi",
            "version": "==0.13.1"
        },
        "prompt-toolkit": {
            "hashes": [
                "sha256:a402e9bf468b63314e37460b68ba68243d55b2f8c4d0192f85a019af3945050e",
                "sha256:c93e53af97f630f12f5f62a3274e79527936ed466f038953dfa379d4941f651a"
            ],
            "index": "pypi",
            "version": "==3.0.3"
        },
        "ptyprocess": {
            "hashes": [
                "sha256:923f299cc5ad920c68f2bc0bc98b75b9f838b93b599941a6b63ddbc2476394c0",
                "sha256:d7cc528d76e76342423ca640335bd3633420dc1366f258cb31d05e865ef5ca1f"
            ],
            "index": "pypi",
            "version": "==0.6.0"
        },
        "py": {
            "hashes": [
                "sha256:5e27081401262157467ad6e7f851b7aa402c5852dbcb3dae06768434de5752aa",
                "sha256:c20fdd83a5dbc0af9efd622bee9a5564e278f6380fffcacc43ba6f43db2813b0"
            ],
            "index": "pypi",
            "version": "==1.8.1"
        },
        "pygments": {
            "hashes": [
                "sha256:2a3fe295e54a20164a9df49c75fa58526d3be48e14aceba6d6b1e8ac0bfd6f1b",
                "sha256:98c8aa5a9f778fcd1026a17361ddaf7330d1b7c62ae97c3bb0ae73e0b9b6b0fe"
            ],
            "index": "pypi",
            "version": "==2.5.2"
        },
        "pyparsing": {
            "hashes": [
                "sha256:4c830582a84fb022400b85429791bc551f1f4871c33f23e44f353119e92f969f",
                "sha256:c342dccb5250c08d45fd6f8b4a559613ca603b57498511740e65cd11a2e7dcec"
            ],
            "index": "pypi",
            "version": "==2.4.6"
        },
        "pytest": {
            "hashes": [
                "sha256:0d5fe9189a148acc3c3eb2ac8e1ac0742cb7618c084f3d228baaec0c254b318d",
                "sha256:ff615c761e25eb25df19edddc0b970302d2a9091fbce0e7213298d85fb61fef6"
            ],
            "index": "pypi",
            "version": "==5.3.5"
        },
        "pytest-cov": {
            "hashes": [
                "sha256:cc6742d8bac45070217169f5f72ceee1e0e55b0221f54bcf24845972d3a47f2b",
                "sha256:cdbdef4f870408ebdbfeb44e63e07eb18bb4619fae852f6e760645fa36172626"
            ],
            "index": "pypi",
            "version": "==2.8.1"
        },
        "pytest-cover": {
            "hashes": [
                "sha256:578249955eb3b5f3991209df6e532bb770b647743b7392d3d97698dc02f39ebb",
                "sha256:5bdb6c1cc3dd75583bb7bc2c57f5e1034a1bfcb79d27c71aceb0b16af981dbf4"
            ],
            "index": "pypi",
            "version": "==3.0.0"
        },
        "pytest-coverage": {
            "hashes": [
                "sha256:db6af2cbd7e458c7c9fd2b4207cee75258243c8a81cad31a7ee8cfad5be93c05",
                "sha256:dedd084c5e74d8e669355325916dc011539b190355021b037242514dee546368"
            ],
            "index": "pypi",
            "version": "==0.0"
        },
        "python-json-logger": {
            "hashes": [
                "sha256:b7a31162f2a01965a5efb94453ce69230ed208468b0bbc7fdfc56e6d8df2e281"
            ],
            "index": "pypi",
            "version": "==0.1.11"
        },
        "pytz": {
            "hashes": [
                "sha256:1c557d7d0e871de1f5ccd5833f60fb2550652da6be2693c1e02300743d21500d",
                "sha256:b02c06db6cf09c12dd25137e563b31700d3b80fcc4ad23abb7a315f2789819be"
            ],
            "index": "pypi",
            "version": "==2019.3"
        },
        "six": {
            "hashes": [
                "sha256:236bdbdce46e6e6a3d61a337c0f8b763ca1e8717c03b369e87a7ec7ce1319c0a",
                "sha256:8f3cd2e254d8f793e7f3d6d9df77b92252b52637291d0f0da013c76ea2724b6c"
            ],
            "index": "pypi",
            "version": "==1.14.0"
        },
        "sqlparse": {
            "hashes": [
                "sha256:40afe6b8d4b1117e7dff5504d7a8ce07d9a1b15aeeade8a2d10f130a834f8177",
                "sha256:7c3dca29c022744e95b547e867cee89f4fce4373f3549ccd8797d8eb52cdb873"
            ],
            "index": "pypi",
            "version": "==0.3.0"
        },
        "traitlets": {
            "hashes": [
                "sha256:70b4c6a1d9019d7b4f6846832288f86998aa3b9207c6821f3578a6a6a467fe44",
                "sha256:d023ee369ddd2763310e4c3eae1ff649689440d4ae59d7485eb4cfbbe3e359f7"
            ],
            "index": "pypi",
            "version": "==4.3.3"
        },
        "wcwidth": {
            "hashes": [
                "sha256:8fd29383f539be45b20bd4df0dc29c20ba48654a41e661925e612311e9f3c603",
                "sha256:f28b3e8a6483e5d49e7f8949ac1a78314e740333ae305b4ba5defd3e74fb37a8"
            ],
            "index": "pypi",
            "version": "==0.1.8"
        },
        "xxhash": {
            "hashes": [
                "sha256:09118cea99cfe1499a62c367ac529c8dc90571051eaa137b0464a58a4bf5f65d",
                "sha256:0bada61df83fd308ce2876a15843b599df057d3e4a1927328dfcac2908375ccd",
                "sha256:0ca2e6a729ef3ce66759aa5259171dce94426c39b572f3814734b52d5005b1c6",
                "sha256:0de8d7159d92d7289c8ed008027177dd2559d689b0a4041eee1100a0c6ddcd10",
                "sha256:1697f30ab1766366efbdc1bebc20be0c737014c51b7617b08a649b076957b5ee",
                "sha256:19ebe273b0f50e4bfb55d30a59c8f87a3c8160aa3b42d075c2cce806428eef07",
                "sha256:1b923d381abfd750ae89b8cf50cb374dd83f9373f70af3fb08065fd88bc0631e",
                "sha256:1dabed0e0e45178247ea797bea84bb5e2b988d8e10e48ad191af63a3ee699790",
                "sha256:2594670a5b95e71fd4726ccdb449c64ccf56d73197267229c70593ab7b01d7b5",
                "sha256:26ff6c985b67771fa36c2417d8e834194d9f09574fcbaf1c2ca8ad9ebc57f687",
                "sha256:394ab8316f7fb610ee2b844611daacf72b95b944ec37b627a2ce198400cb1b99",
                "sha256:39ddc2210159695275f47e816b04ae2ed343d379bffb4b012278fe1eade4d47e",
                "sha256:3b4e8f7ff5da774f8016cc5e47bd019e5c01b3734e4fd23b3ec3016fc33d4842",
                "sha256:407bb4180fc808c0a5aa67b980ae265c304da4a7ac114a3572772e39ba9d5c9f",
                "sha256:44d2e46d3a67d00587f8b41cfc816bcc3bf29f80f7f584958ee95c49bbdb2da1",
                "sha256:4a9a436c9ce2e8a59133a7b95ec92c88618fb8afdf9c2ad64c4cdb4ad17acb32",
                "sha256:4dc2bbf722b05c7e6cc135a46044eebd58c123b7c7f06fef2bd673bdd810c2ff",
                "sha256:5098f5550a6a1ed4b41ecf0ca613b23c10647feba99dfb6c75dfb59baa41a7b2",
                "sha256:553c0db59468290aaad4e3f4964f5e42fe61abd24ffe81529f87fc4e215f72ba",
                "sha256:55e564fc0cb088cbb642062037c0ca432b8243f38d562162d186cf6959cfc4c8",
                "sha256:5ecb316e63b6e16d22b578c699829bcf0fbaf149365f9753733cb9a53ebc85c6",
                "sha256:63669092361961b86658c849c03c3231a2afe765a7842348a61996bd47d3087a",
                "sha256:69544fc19c42d8436274fc8f2e9fe43a8792585e6b9659f2b4e2d64a6803c29c",
                "sha256:6aff4aabd5a8832366f79dc9f4001116a4e286e9f7cfc8d26109e1dff0a3f9e1",
                "sha256:6ddaff69778872d8ea378e7f62279da36233b4d0099aa9de4ced1d6e06381270",
                "sha256:6f861e6c2ce6df10f575d4ae54f7328b8cc1ed33ac8612bdcd188ca0e91646dc",
                "sha256:7d6df9d217977d085b8abd74b61efa40405ac416f2d8bdacc40826bd5cb1b746",
                "sha256:7e9f12ee22e09cb25ccdec4658f7fb576931c310c7afa98911ab6254e1a0b3ea",
                "sha256:7fb6c82ac4c4ddef7b142e7f59e00b02449e4749a58659e920132e16b51ca899",
                "sha256:8d2497bf52cb5c128404c95c0d2d82090162cc372a3c49dc9fee91f4c597821f",
                "sha256:a33c540761fbef559cd589bf83b9326f1147132ada813f8f241f75b99b8aadbc",
                "sha256:a3c0ec5a448e9007b4360f91ef0c443734660ffa92b5c3bcd86139ac16f7666d",
                "sha256:a59339e3c0fb90dbdfb160647e93c951fa7bc5e18a7b57e6f225a78053897f13",
                "sha256:a707f6eef957fcc6305d0e9d2fa59ce38e2a8f815d22a0edfeb3806bf587d4cf",
                "sha256:aa888c1d38810bd4be24698588244327951ef04e7958f01ab6a7f23b7e8432e8",
                "sha256:ae9e6dabef8a8e25a6473d49078e453cb3da449bd27b2bbbe2d99821b8656498",
                "sha256:af16d7a474e6bb2a20822b314190667005899d53bd7358e1d52eed5167d82efc",
                "sha256:b4341623c859919100d7dde47eaf452a11b10cc35ebe489029f521be16819367",
                "sha256:b6f6d54a07e45034eab74e8986b7b5adeb883440217e73f8697c5b3eb1e78586",
                "sha256:b78d9f9f2f56698b5111a9b3e7b1467821b17f6d4e7c1002f270ad221fddcaac",
                "sha256:c5e7dedd887e8b0b5e79062c0904185841bd334fe30462a65b0456a020940d55",
                "sha256:c6fe4008526a8fa833ef89fb2eea8073c06aaea1e2fba3c6356db5d23ab9bb05",
                "sha256:c757e0bd2dc775322b180bc29eead0d2a845a80079eb2153fc97afe322353bd7",
                "sha256:cbd52ee825981a4af0c4136b8daa3586576461d42968e3d175eeaaba61fff45e",
                "sha256:de2bef16c9aa2c01d7d700f7c530c3e7aa6262ff5594d2bf79eb8d7973d08cf3",
                "sha256:f2e24063187e1d87e8ffedbd941f136a627bc18a801234595b65028bd76f28f4",
                "sha256:fb5bfc1961eb546c2a43311084da46b89b647e66a108018b81548622402bd291",
                "sha256:ffec78440eb424eb95a92283e7193d3b75aa27734196a38fadd36d9d8226d6a7"
            ],
            "index": "pypi",
            "version": "==1.4.4"
        },
        "zipp": {
            "hashes": [
                "sha256:12248a63bbdf7548f89cb4c7cda4681e537031eda29c02ea29674bc6854460c2",
                "sha256:7c0f8e91abc0dc07a5068f315c52cb30c66bfbc581e5b50704c8a2f6ebae794a"
            ],
            "index": "pypi",
            "version": "==3.0.0"
        }
    },
    "develop": {}
}
